
Microsoft Visual Studio Solution File, Format Version 11.00
# Visual Studio 2010
Project("{FAE04EC0-301F-11D3-BF4B-00C04F79EFBC}") = "⨳ R O S E ⨳", "⨳ R O S E ⨳\⨳ R O S E ⨳.csproj", "{FC3B619C-C22A-450B-A5BA-6BCFA9C998C3}"
EndProject
Global
	GlobalSection(SolutionConfigurationPlatforms) = preSolution
		Debug|Any CPU = Debug|Any CPU
		Release|Any CPU = Release|Any CPU
	EndGlobalSection
	GlobalSection(ProjectConfigurationPlatforms) = postSolution
		{FC3B619C-C22A-450B-A5BA-6BCFA9C998C3}.Debug|Any CPU.ActiveCfg = Debug|Any CPU
		{FC3B619C-C22A-450B-A5BA-6BCFA9C998C3}.Debug|Any CPU.Build.0 = Debug|Any CPU
		{FC3B619C-C22A-450B-A5BA-6BCFA9C998C3}.Release|Any CPU.ActiveCfg = Release|Any CPU
		{FC3B619C-C22A-450B-A5BA-6BCFA9C998C3}.Release|Any CPU.Build.0 = Release|Any CPU
	EndGlobalSection
	GlobalSection(SolutionProperties) = preSolution
		HideSolutionNode = FALSE
	EndGlobalSection
EndGlobal
